
Microsoft Visual Studio Solution File, Format Version 12.00
# Visual Studio Version 17
VisualStudioVersion = 17.6.33829.357
MinimumVisualStudioVersion = 10.0.40219.1
Project("{9A19103F-16F7-4668-BE54-9A1E7A4F7556}") = "ComputerStore.Services.CS.Api", "WebAPI\ComputerStore.Services.CS.Api.csproj", "{3607A9D9-3CB0-4077-A846-E2094B10908D}"
EndProject
Project("{9A19103F-16F7-4668-BE54-9A1E7A4F7556}") = "ComputerStore.Services.CS.DataAccess", "DataAccess\ComputerStore.Services.CS.DataAccess.csproj", "{F96E1C47-8293-4ABC-BCB9-54B060955662}"
EndProject
Project("{9A19103F-16F7-4668-BE54-9A1E7A4F7556}") = "ComputerStore.Services.CS.BusinessLogic", "BusinessLogic\ComputerStore.Services.CS.BusinessLogic.csproj", "{3695B951-14F9-4FA0-83BC-6B770C1AD819}"
EndProject
Project("{2150E333-8FDC-42A3-9474-1A3956D46DE8}") = "Tests", "Tests", "{BF45C6E3-CEA1-47A5-AE3D-FB86F9CBCB67}"
EndProject
Project("{9A19103F-16F7-4668-BE54-9A1E7A4F7556}") = "ComputerStore.Services.CS.UnitTests", "UnitTests\ComputerStore.Services.CS.UnitTests.csproj", "{4CCF419D-5D6C-4813-917E-B200274189B2}"
EndProject
Project("{9A19103F-16F7-4668-BE54-9A1E7A4F7556}") = "ComputerStore.Services.CS.Shared", "Shared\ComputerStore.Services.CS.Shared.csproj", "{5DAD797C-7CAC-445F-A4A9-BEF6EFE2E65D}"
EndProject
Project("{2150E333-8FDC-42A3-9474-1A3956D46DE8}") = "Solution Items", "Solution Items", "{AE91FE1A-A68D-44BE-8851-62F3BEB2F144}"
	ProjectSection(SolutionItems) = preProject
		.editorconfig = .editorconfig
	EndProjectSection
EndProject
Project("{9A19103F-16F7-4668-BE54-9A1E7A4F7556}") = "ComputerStore.Services.CS.IntegrationTests", "IntegrationTests\ComputerStore.Services.CS.IntegrationTests.csproj", "{F33B9296-4B74-4E3E-8893-CA9DC3A58546}"
EndProject
Global
	GlobalSection(SolutionConfigurationPlatforms) = preSolution
		Debug|Any CPU = Debug|Any CPU
		Release|Any CPU = Release|Any CPU
	EndGlobalSection
	GlobalSection(ProjectConfigurationPlatforms) = postSolution
		{3607A9D9-3CB0-4077-A846-E2094B10908D}.Debug|Any CPU.ActiveCfg = Debug|Any CPU
		{3607A9D9-3CB0-4077-A846-E2094B10908D}.Debug|Any CPU.Build.0 = Debug|Any CPU
		{3607A9D9-3CB0-4077-A846-E2094B10908D}.Release|Any CPU.ActiveCfg = Release|Any CPU
		{3607A9D9-3CB0-4077-A846-E2094B10908D}.Release|Any CPU.Build.0 = Release|Any CPU
		{F96E1C47-8293-4ABC-BCB9-54B060955662}.Debug|Any CPU.ActiveCfg = Debug|Any CPU
		{F96E1C47-8293-4ABC-BCB9-54B060955662}.Debug|Any CPU.Build.0 = Debug|Any CPU
		{F96E1C47-8293-4ABC-BCB9-54B060955662}.Release|Any CPU.ActiveCfg = Release|Any CPU
		{F96E1C47-8293-4ABC-BCB9-54B060955662}.Release|Any CPU.Build.0 = Release|Any CPU
		{3695B951-14F9-4FA0-83BC-6B770C1AD819}.Debug|Any CPU.ActiveCfg = Debug|Any CPU
		{3695B951-14F9-4FA0-83BC-6B770C1AD819}.Debug|Any CPU.Build.0 = Debug|Any CPU
		{3695B951-14F9-4FA0-83BC-6B770C1AD819}.Release|Any CPU.ActiveCfg = Release|Any CPU
		{3695B951-14F9-4FA0-83BC-6B770C1AD819}.Release|Any CPU.Build.0 = Release|Any CPU
		{4CCF419D-5D6C-4813-917E-B200274189B2}.Debug|Any CPU.ActiveCfg = Debug|Any CPU
		{4CCF419D-5D6C-4813-917E-B200274189B2}.Debug|Any CPU.Build.0 = Debug|Any CPU
		{4CCF419D-5D6C-4813-917E-B200274189B2}.Release|Any CPU.ActiveCfg = Release|Any CPU
		{4CCF419D-5D6C-4813-917E-B200274189B2}.Release|Any CPU.Build.0 = Release|Any CPU
		{5DAD797C-7CAC-445F-A4A9-BEF6EFE2E65D}.Debug|Any CPU.ActiveCfg = Debug|Any CPU
		{5DAD797C-7CAC-445F-A4A9-BEF6EFE2E65D}.Debug|Any CPU.Build.0 = Debug|Any CPU
		{5DAD797C-7CAC-445F-A4A9-BEF6EFE2E65D}.Release|Any CPU.ActiveCfg = Release|Any CPU
		{5DAD797C-7CAC-445F-A4A9-BEF6EFE2E65D}.Release|Any CPU.Build.0 = Release|Any CPU
		{F33B9296-4B74-4E3E-8893-CA9DC3A58546}.Debug|Any CPU.ActiveCfg = Debug|Any CPU
		{F33B9296-4B74-4E3E-8893-CA9DC3A58546}.Debug|Any CPU.Build.0 = Debug|Any CPU
		{F33B9296-4B74-4E3E-8893-CA9DC3A58546}.Release|Any CPU.ActiveCfg = Release|Any CPU
		{F33B9296-4B74-4E3E-8893-CA9DC3A58546}.Release|Any CPU.Build.0 = Release|Any CPU
	EndGlobalSection
	GlobalSection(SolutionProperties) = preSolution
		HideSolutionNode = FALSE
	EndGlobalSection
	GlobalSection(NestedProjects) = preSolution
		{4CCF419D-5D6C-4813-917E-B200274189B2} = {BF45C6E3-CEA1-47A5-AE3D-FB86F9CBCB67}
		{F33B9296-4B74-4E3E-8893-CA9DC3A58546} = {BF45C6E3-CEA1-47A5-AE3D-FB86F9CBCB67}
	EndGlobalSection
	GlobalSection(ExtensibilityGlobals) = postSolution
		SolutionGuid = {603CACAF-84AB-4E7A-B849-F3E05CD764D7}
	EndGlobalSection
EndGlobal
